dependencies:
- name: mysql
  repository: file://../01-mysql-mono
  version: 0.1.0
- name: redis
  repository: file://../03-redis-mono
  version: 0.1.0
- name: batch-db-migration
  repository: file://../04-batch-db-migration
  version: 0.1.0
- name: app-monolitic
  repository: file://../02-app-monolitic
  version: 0.1.0
- name: web-landing
  repository: file://../05-web-landing
  version: 0.1.0
digest: sha256:f127c1b4c5e51ec9cd2624704c777831734b995239aa1fe1fd6ec5057b89c60d
generated: "2026-02-23T19:28:09.704659+09:00"
