dependencies:
- name: mysql
  repository: file://../../01-infrastructure/01-mysql-mono
  version: 0.1.0
- name: redis
  repository: file://../../01-infrastructure/03-redis-mono
  version: 0.1.0
- name: batch-db-migration
  repository: file://../../01-infrastructure/04-batch-db-migration
  version: 0.1.0
- name: app-monolitic
  repository: file://../../01-infrastructure/02-app-monolitic
  version: 0.1.0
digest: sha256:21174bb439328d9e6a8e156fd9eb454889b2be015610d812881f2299900703ce
generated: "2026-01-14T13:02:27.1246319+09:00"
